// !$*UTF8*$!
{
	archiveVersion = 1;
	classes = {
	};
	objectVersion = 56;
	objects = {

/* Begin PBXBuildFile section */
		0D5350B1755857C62A88CA5C /* Encounter.swift in Sources */ = {isa = PBXBuildFile; fileRef = 5584AD9111C88EFD3E99FF97 /* Encounter.swift */; };
		19D46DB77F155B956C3196F3 /* Vaccine+Schema.swift in Sources */ = {isa = PBXBuildFile; fileRef = 95FEF1E958F85BCE7DF45056 /* Vaccine+Schema.swift */; };
		2091DF3839F5FCC00445B67E /* Provider.swift in Sources */ = {isa = PBXBuildFile; fileRef = F53C7DDB501DF15C83D0EAF5 /* Provider.swift */; };
		25714C9A0F022A03129D1C04 /* Provider+Schema.swift in Sources */ = {isa = PBXBuildFile; fileRef = 23FAF6989F758AC2DD644302 /* Provider+Schema.swift */; };
		3C208FA2C974086CD2628AA9 /* Vaccine.swift in Sources */ = {isa = PBXBuildFile; fileRef = 37D5FDFBC804591624871636 /* Vaccine.swift */; };
		5ED6993E60B2373518B4C924 /* Scan.swift in Sources */ = {isa = PBXBuildFile; fileRef = DCF813F8DB46D9809D08EA29 /* Scan.swift */; };
		6E1DEF76C44729485E9B2F0B /* amplifyconfiguration.json in Resources */ = {isa = PBXBuildFile; fileRef = 5F46AD8FD780745678684920 /* amplifyconfiguration.json */; };
		73D987435FC4A5A0A827CA03 /* awsconfiguration.json in Resources */ = {isa = PBXBuildFile; fileRef = 7994E8C44F6CA05E61A1A2EA /* awsconfiguration.json */; };
		8325F1DB4556D31B14788FC1 /* Scan+Schema.swift in Sources */ = {isa = PBXBuildFile; fileRef = AA18326B08E946453FAA6DBE /* Scan+Schema.swift */; };
		85FFCEB6E8482F444492214A /* VaccineType.swift in Sources */ = {isa = PBXBuildFile; fileRef = 09336A4626FBC55B1CE784F1 /* VaccineType.swift */; };
		98371DEDA6319092292FE911 /* VaccineType+Schema.swift in Sources */ = {isa = PBXBuildFile; fileRef = 6F88B9F066855A1D55C635A0 /* VaccineType+Schema.swift */; };
		A3A1E724C57159C2FAE8016F /* Encounter+Schema.swift in Sources */ = {isa = PBXBuildFile; fileRef = 29BA7E1C3EAF1F023C6CA7C9 /* Encounter+Schema.swift */; };
		B7A62D1D31616E8FF538BDB8 /* Patient+Schema.swift in Sources */ = {isa = PBXBuildFile; fileRef = 4C9F43488C48675B551970DE /* Patient+Schema.swift */; };
		CF2257AC2B61B56300ED8DAD /* VacScanApp.swift in Sources */ = {isa = PBXBuildFile; fileRef = CF2257AB2B61B56300ED8DAD /* VacScanApp.swift */; };
		CF2257AE2B61B56300ED8DAD /* HomeView.swift in Sources */ = {isa = PBXBuildFile; fileRef = CF2257AD2B61B56300ED8DAD /* HomeView.swift */; };
		CF2257B02B61B56400ED8DAD /* Assets.xcassets in Resources */ = {isa = PBXBuildFile; fileRef = CF2257AF2B61B56400ED8DAD /* Assets.xcassets */; };
		CF2257B32B61B56400ED8DAD /* Preview Assets.xcassets in Resources */ = {isa = PBXBuildFile; fileRef = CF2257B22B61B56400ED8DAD /* Preview Assets.xcassets */; };
		CF2257BA2B61FEF500ED8DAD /* ScanView.swift in Sources */ = {isa = PBXBuildFile; fileRef = CF2257B92B61FEF500ED8DAD /* ScanView.swift */; };
		CFFCEE4C2B7ECD5A0008EF7E /* AWSAPIPlugin in Frameworks */ = {isa = PBXBuildFile; productRef = CFFCEE4B2B7ECD5A0008EF7E /* AWSAPIPlugin */; };
		CFFCEE4E2B7ECD5A0008EF7E /* AWSCloudWatchLoggingPlugin in Frameworks */ = {isa = PBXBuildFile; productRef = CFFCEE4D2B7ECD5A0008EF7E /* AWSCloudWatchLoggingPlugin */; };
		CFFCEE502B7ECD5A0008EF7E /* AWSCognitoAuthPlugin in Frameworks */ = {isa = PBXBuildFile; productRef = CFFCEE4F2B7ECD5A0008EF7E /* AWSCognitoAuthPlugin */; };
		CFFCEE522B7ECD5A0008EF7E /* AWSDataStorePlugin in Frameworks */ = {isa = PBXBuildFile; productRef = CFFCEE512B7ECD5A0008EF7E /* AWSDataStorePlugin */; };
		CFFCEE542B7ECD5A0008EF7E /* AWSLocationGeoPlugin in Frameworks */ = {isa = PBXBuildFile; productRef = CFFCEE532B7ECD5A0008EF7E /* AWSLocationGeoPlugin */; };
		CFFCEE562B7ECD5A0008EF7E /* AWSPinpointAnalyticsPlugin in Frameworks */ = {isa = PBXBuildFile; productRef = CFFCEE552B7ECD5A0008EF7E /* AWSPinpointAnalyticsPlugin */; };
		CFFCEE582B7ECD5A0008EF7E /* AWSPinpointPushNotificationsPlugin in Frameworks */ = {isa = PBXBuildFile; productRef = CFFCEE572B7ECD5A0008EF7E /* AWSPinpointPushNotificationsPlugin */; };
		CFFCEE5A2B7ECD5A0008EF7E /* AWSPluginsCore in Frameworks */ = {isa = PBXBuildFile; productRef = CFFCEE592B7ECD5A0008EF7E /* AWSPluginsCore */; };
		CFFCEE5C2B7ECD5A0008EF7E /* AWSPredictionsPlugin in Frameworks */ = {isa = PBXBuildFile; productRef = CFFCEE5B2B7ECD5A0008EF7E /* AWSPredictionsPlugin */; };
		CFFCEE5E2B7ECD5A0008EF7E /* AWSS3StoragePlugin in Frameworks */ = {isa = PBXBuildFile; productRef = CFFCEE5D2B7ECD5A0008EF7E /* AWSS3StoragePlugin */; };
		CFFCEE602B7ECD5A0008EF7E /* Amplify in Frameworks */ = {isa = PBXBuildFile; productRef = CFFCEE5F2B7ECD5A0008EF7E /* Amplify */; };
		CFFCEE622B7ECD5A0008EF7E /* CoreMLPredictionsPlugin in Frameworks */ = {isa = PBXBuildFile; productRef = CFFCEE612B7ECD5A0008EF7E /* CoreMLPredictionsPlugin */; };
		CFFCEE682B7ED10A0008EF7E /* OnboardingInputScreen.swift in Sources */ = {isa = PBXBuildFile; fileRef = CFFCEE642B7ED10A0008EF7E /* OnboardingInputScreen.swift */; };
		CFFCEE692B7ED10A0008EF7E /* OnboardingInputView.swift in Sources */ = {isa = PBXBuildFile; fileRef = CFFCEE652B7ED10A0008EF7E /* OnboardingInputView.swift */; };
		CFFCEE6B2B7ED10A0008EF7E /* OnboardingWelcomeView.swift in Sources */ = {isa = PBXBuildFile; fileRef = CFFCEE672B7ED10A0008EF7E /* OnboardingWelcomeView.swift */; };
		CFFCEE6E2B7ED12A0008EF7E /* LaunchView.swift in Sources */ = {isa = PBXBuildFile; fileRef = CFFCEE6D2B7ED12A0008EF7E /* LaunchView.swift */; };
		CFFCEE702B7ED17E0008EF7E /* AuthManager.swift in Sources */ = {isa = PBXBuildFile; fileRef = CFFCEE6F2B7ED17E0008EF7E /* AuthManager.swift */; };
		CFFCEE732B7ED2890008EF7E /* Placeholder.swift in Sources */ = {isa = PBXBuildFile; fileRef = CFFCEE722B7ED2890008EF7E /* Placeholder.swift */; };
		CFFCEE752B7ED2A80008EF7E /* ErrorAlert.swift in Sources */ = {isa = PBXBuildFile; fileRef = CFFCEE742B7ED2A80008EF7E /* ErrorAlert.swift */; };
		CFFCEE772B803A650008EF7E /* SettingsView.swift in Sources */ = {isa = PBXBuildFile; fileRef = CFFCEE762B803A650008EF7E /* SettingsView.swift */; };
		CFFCEE792B808BDE0008EF7E /* ScanManager.swift in Sources */ = {isa = PBXBuildFile; fileRef = CFFCEE782B808BDE0008EF7E /* ScanManager.swift */; };
		E71A75039AE336C5DAFD6AC6 /* AmplifyModels.swift in Sources */ = {isa = PBXBuildFile; fileRef = 98173674C79EE589A2333FEC /* AmplifyModels.swift */; };
		F67331CE4E7342E605275801 /* Patient.swift in Sources */ = {isa = PBXBuildFile; fileRef = 33E61F7AF946EF3CBDCF9774 /* Patient.swift */; };
/* End PBXBuildFile section */

/* Begin PBXFileReference section */
		09336A4626FBC55B1CE784F1 /* VaccineType.swift */ = {isa = PBXFileReference; explicitFileType = sourcecode.swift; lastKnownFileType = sourcecode.swift; name = VaccineType.swift; path = amplify/generated/models/VaccineType.swift; sourceTree = "<group>"; };
		23FAF6989F758AC2DD644302 /* Provider+Schema.swift */ = {isa = PBXFileReference; explicitFileType = sourcecode.swift; name = "Provider+Schema.swift"; path = "amplify/generated/models/Provider+Schema.swift"; sourceTree = "<group>"; };
		29BA7E1C3EAF1F023C6CA7C9 /* Encounter+Schema.swift */ = {isa = PBXFileReference; explicitFileType = sourcecode.swift; name = "Encounter+Schema.swift"; path = "amplify/generated/models/Encounter+Schema.swift"; sourceTree = "<group>"; };
		33E61F7AF946EF3CBDCF9774 /* Patient.swift */ = {isa = PBXFileReference; explicitFileType = sourcecode.swift; name = Patient.swift; path = amplify/generated/models/Patient.swift; sourceTree = "<group>"; };
		37D5FDFBC804591624871636 /* Vaccine.swift */ = {isa = PBXFileReference; explicitFileType = sourcecode.swift; name = Vaccine.swift; path = amplify/generated/models/Vaccine.swift; sourceTree = "<group>"; };
		4C9F43488C48675B551970DE /* Patient+Schema.swift */ = {isa = PBXFileReference; explicitFileType = sourcecode.swift; name = "Patient+Schema.swift"; path = "amplify/generated/models/Patient+Schema.swift"; sourceTree = "<group>"; };
		5584AD9111C88EFD3E99FF97 /* Encounter.swift */ = {isa = PBXFileReference; explicitFileType = sourcecode.swift; name = Encounter.swift; path = amplify/generated/models/Encounter.swift; sourceTree = "<group>"; };
		5F46AD8FD780745678684920 /* amplifyconfiguration.json */ = {isa = PBXFileReference; explicitFileType = text.json; path = amplifyconfiguration.json; sourceTree = "<group>"; };
		6F88B9F066855A1D55C635A0 /* VaccineType+Schema.swift */ = {isa = PBXFileReference; explicitFileType = sourcecode.swift; lastKnownFileType = sourcecode.swift; name = "VaccineType+Schema.swift"; path = "amplify/generated/models/VaccineType+Schema.swift"; sourceTree = "<group>"; };
		7994E8C44F6CA05E61A1A2EA /* awsconfiguration.json */ = {isa = PBXFileReference; explicitFileType = text.json; path = awsconfiguration.json; sourceTree = "<group>"; };
		95FEF1E958F85BCE7DF45056 /* Vaccine+Schema.swift */ = {isa = PBXFileReference; explicitFileType = sourcecode.swift; name = "Vaccine+Schema.swift"; path = "amplify/generated/models/Vaccine+Schema.swift"; sourceTree = "<group>"; };
		98173674C79EE589A2333FEC /* AmplifyModels.swift */ = {isa = PBXFileReference; explicitFileType = sourcecode.swift; name = AmplifyModels.swift; path = amplify/generated/models/AmplifyModels.swift; sourceTree = "<group>"; };
		AA18326B08E946453FAA6DBE /* Scan+Schema.swift */ = {isa = PBXFileReference; explicitFileType = sourcecode.swift; name = "Scan+Schema.swift"; path = "amplify/generated/models/Scan+Schema.swift"; sourceTree = "<group>"; };
		CF2257A82B61B56300ED8DAD /* VacScan.app */ = {isa = PBXFileReference; explicitFileType = wrapper.application; includeInIndex = 0; path = VacScan.app; sourceTree = BUILT_PRODUCTS_DIR; };
		CF2257AB2B61B56300ED8DAD /* VacScanApp.swift */ = {isa = PBXFileReference; lastKnownFileType = sourcecode.swift; path = VacScanApp.swift; sourceTree = "<group>"; };
		CF2257AD2B61B56300ED8DAD /* HomeView.swift */ = {isa = PBXFileReference; lastKnownFileType = sourcecode.swift; path = HomeView.swift; sourceTree = "<group>"; };
		CF2257AF2B61B56400ED8DAD /* Assets.xcassets */ = {isa = PBXFileReference; lastKnownFileType = folder.assetcatalog; path = Assets.xcassets; sourceTree = "<group>"; };
		CF2257B22B61B56400ED8DAD /* Preview Assets.xcassets */ = {isa = PBXFileReference; lastKnownFileType = folder.assetcatalog; path = "Preview Assets.xcassets"; sourceTree = "<group>"; };
		CF2257B92B61FEF500ED8DAD /* ScanView.swift */ = {isa = PBXFileReference; lastKnownFileType = sourcecode.swift; path = ScanView.swift; sourceTree = "<group>"; };
		CFFCEE642B7ED10A0008EF7E /* OnboardingInputScreen.swift */ = {isa = PBXFileReference; fileEncoding = 4; lastKnownFileType = sourcecode.swift; path = OnboardingInputScreen.swift; sourceTree = "<group>"; };
		CFFCEE652B7ED10A0008EF7E /* OnboardingInputView.swift */ = {isa = PBXFileReference; fileEncoding = 4; lastKnownFileType = sourcecode.swift; path = OnboardingInputView.swift; sourceTree = "<group>"; };
		CFFCEE672B7ED10A0008EF7E /* OnboardingWelcomeView.swift */ = {isa = PBXFileReference; fileEncoding = 4; lastKnownFileType = sourcecode.swift; path = OnboardingWelcomeView.swift; sourceTree = "<group>"; };
		CFFCEE6D2B7ED12A0008EF7E /* LaunchView.swift */ = {isa = PBXFileReference; lastKnownFileType = sourcecode.swift; path = LaunchView.swift; sourceTree = "<group>"; };
		CFFCEE6F2B7ED17E0008EF7E /* AuthManager.swift */ = {isa = PBXFileReference; lastKnownFileType = sourcecode.swift; path = AuthManager.swift; sourceTree = "<group>"; };
		CFFCEE722B7ED2890008EF7E /* Placeholder.swift */ = {isa = PBXFileReference; lastKnownFileType = sourcecode.swift; path = Placeholder.swift; sourceTree = "<group>"; };
		CFFCEE742B7ED2A80008EF7E /* ErrorAlert.swift */ = {isa = PBXFileReference; lastKnownFileType = sourcecode.swift; path = ErrorAlert.swift; sourceTree = "<group>"; };
		CFFCEE762B803A650008EF7E /* SettingsView.swift */ = {isa = PBXFileReference; lastKnownFileType = sourcecode.swift; path = SettingsView.swift; sourceTree = "<group>"; };
		CFFCEE782B808BDE0008EF7E /* ScanManager.swift */ = {isa = PBXFileReference; lastKnownFileType = sourcecode.swift; path = ScanManager.swift; sourceTree = "<group>"; };
		DCF813F8DB46D9809D08EA29 /* Scan.swift */ = {isa = PBXFileReference; explicitFileType = sourcecode.swift; name = Scan.swift; path = amplify/generated/models/Scan.swift; sourceTree = "<group>"; };
		F53C7DDB501DF15C83D0EAF5 /* Provider.swift */ = {isa = PBXFileReference; explicitFileType = sourcecode.swift; name = Provider.swift; path = amplify/generated/models/Provider.swift; sourceTree = "<group>"; };
/* End PBXFileReference section */

/* Begin PBXFrameworksBuildPhase section */
		CF2257A52B61B56300ED8DAD /* Frameworks */ = {
			isa = PBXFrameworksBuildPhase;
			buildActionMask = 2147483647;
			files = (
				CFFCEE4C2B7ECD5A0008EF7E /* AWSAPIPlugin in Frameworks */,
				CFFCEE562B7ECD5A0008EF7E /* AWSPinpointAnalyticsPlugin in Frameworks */,
				CFFCEE542B7ECD5A0008EF7E /* AWSLocationGeoPlugin in Frameworks */,
				CFFCEE4E2B7ECD5A0008EF7E /* AWSCloudWatchLoggingPlugin in Frameworks */,
				CFFCEE602B7ECD5A0008EF7E /* Amplify in Frameworks */,
				CFFCEE5C2B7ECD5A0008EF7E /* AWSPredictionsPlugin in Frameworks */,
				CFFCEE5E2B7ECD5A0008EF7E /* AWSS3StoragePlugin in Frameworks */,
				CFFCEE5A2B7ECD5A0008EF7E /* AWSPluginsCore in Frameworks */,
				CFFCEE622B7ECD5A0008EF7E /* CoreMLPredictionsPlugin in Frameworks */,
				CFFCEE502B7ECD5A0008EF7E /* AWSCognitoAuthPlugin in Frameworks */,
				CFFCEE582B7ECD5A0008EF7E /* AWSPinpointPushNotificationsPlugin in Frameworks */,
				CFFCEE522B7ECD5A0008EF7E /* AWSDataStorePlugin in Frameworks */,
			);
			runOnlyForDeploymentPostprocessing = 0;
		};
/* End PBXFrameworksBuildPhase section */

/* Begin PBXGroup section */
		6F12A24980F5CC30BBB7D4B2 /* AmplifyModels */ = {
			isa = PBXGroup;
			children = (
				98173674C79EE589A2333FEC /* AmplifyModels.swift */,
				29BA7E1C3EAF1F023C6CA7C9 /* Encounter+Schema.swift */,
				5584AD9111C88EFD3E99FF97 /* Encounter.swift */,
				4C9F43488C48675B551970DE /* Patient+Schema.swift */,
				33E61F7AF946EF3CBDCF9774 /* Patient.swift */,
				23FAF6989F758AC2DD644302 /* Provider+Schema.swift */,
				F53C7DDB501DF15C83D0EAF5 /* Provider.swift */,
				AA18326B08E946453FAA6DBE /* Scan+Schema.swift */,
				DCF813F8DB46D9809D08EA29 /* Scan.swift */,
				95FEF1E958F85BCE7DF45056 /* Vaccine+Schema.swift */,
				37D5FDFBC804591624871636 /* Vaccine.swift */,
				6F88B9F066855A1D55C635A0 /* VaccineType+Schema.swift */,
				09336A4626FBC55B1CE784F1 /* VaccineType.swift */,
			);
			name = AmplifyModels;
			sourceTree = "<group>";
		};
		B9A7300C5E9FB87A1047E521 /* AmplifyConfig */ = {
			isa = PBXGroup;
			children = (
				7994E8C44F6CA05E61A1A2EA /* awsconfiguration.json */,
				5F46AD8FD780745678684920 /* amplifyconfiguration.json */,
			);
			name = AmplifyConfig;
			sourceTree = "<group>";
		};
		CF22579F2B61B56300ED8DAD = {
			isa = PBXGroup;
			children = (
				CF2257AA2B61B56300ED8DAD /* VacScan */,
				CF2257A92B61B56300ED8DAD /* Products */,
				B9A7300C5E9FB87A1047E521 /* AmplifyConfig */,
				6F12A24980F5CC30BBB7D4B2 /* AmplifyModels */,
			);
			sourceTree = "<group>";
		};
		CF2257A92B61B56300ED8DAD /* Products */ = {
			isa = PBXGroup;
			children = (
				CF2257A82B61B56300ED8DAD /* VacScan.app */,
			);
			name = Products;
			sourceTree = "<group>";
		};
		CF2257AA2B61B56300ED8DAD /* VacScan */ = {
			isa = PBXGroup;
			children = (
				CF2257AB2B61B56300ED8DAD /* VacScanApp.swift */,
				CFFCEE712B7ED27C0008EF7E /* Components */,
				CF776D712B7ECBFD00A83244 /* Models */,
				CF776D702B7ECBF100A83244 /* Views */,
				CF2257AF2B61B56400ED8DAD /* Assets.xcassets */,
				CF2257B12B61B56400ED8DAD /* Preview Content */,
			);
			path = VacScan;
			sourceTree = "<group>";
		};
		CF2257B12B61B56400ED8DAD /* Preview Content */ = {
			isa = PBXGroup;
			children = (
				CF2257B22B61B56400ED8DAD /* Preview Assets.xcassets */,
			);
			path = "Preview Content";
			sourceTree = "<group>";
		};
		CF776D702B7ECBF100A83244 /* Views */ = {
			isa = PBXGroup;
			children = (
				CFFCEE6C2B7ED1150008EF7E /* Scan */,
				CFFCEE632B7ED0920008EF7E /* Onboarding */,
				CFFCEE6D2B7ED12A0008EF7E /* LaunchView.swift */,
			);
			path = Views;
			sourceTree = "<group>";
		};
		CF776D712B7ECBFD00A83244 /* Models */ = {
			isa = PBXGroup;
			children = (
				CFFCEE6F2B7ED17E0008EF7E /* AuthManager.swift */,
				CFFCEE782B808BDE0008EF7E /* ScanManager.swift */,
			);
			path = Models;
			sourceTree = "<group>";
		};
		CFFCEE632B7ED0920008EF7E /* Onboarding */ = {
			isa = PBXGroup;
			children = (
				CFFCEE672B7ED10A0008EF7E /* OnboardingWelcomeView.swift */,
				CFFCEE652B7ED10A0008EF7E /* OnboardingInputView.swift */,
				CFFCEE642B7ED10A0008EF7E /* OnboardingInputScreen.swift */,
			);
			path = Onboarding;
			sourceTree = "<group>";
		};
		CFFCEE6C2B7ED1150008EF7E /* Scan */ = {
			isa = PBXGroup;
			children = (
				CF2257AD2B61B56300ED8DAD /* HomeView.swift */,
				CF2257B92B61FEF500ED8DAD /* ScanView.swift */,
				CFFCEE762B803A650008EF7E /* SettingsView.swift */,
			);
			path = Scan;
			sourceTree = "<group>";
		};
		CFFCEE712B7ED27C0008EF7E /* Components */ = {
			isa = PBXGroup;
			children = (
				CFFCEE722B7ED2890008EF7E /* Placeholder.swift */,
				CFFCEE742B7ED2A80008EF7E /* ErrorAlert.swift */,
			);
			path = Components;
			sourceTree = "<group>";
		};
/* End PBXGroup section */

/* Begin PBXNativeTarget section */
		CF2257A72B61B56300ED8DAD /* VacScan */ = {
			isa = PBXNativeTarget;
			buildConfigurationList = CF2257B62B61B56400ED8DAD /* Build configuration list for PBXNativeTarget "VacScan" */;
			buildPhases = (
				CF2257A42B61B56300ED8DAD /* Sources */,
				CF2257A52B61B56300ED8DAD /* Frameworks */,
				CF2257A62B61B56300ED8DAD /* Resources */,
			);
			buildRules = (
			);
			dependencies = (
			);
			name = VacScan;
			packageProductDependencies = (
				CFFCEE4B2B7ECD5A0008EF7E /* AWSAPIPlugin */,
				CFFCEE4D2B7ECD5A0008EF7E /* AWSCloudWatchLoggingPlugin */,
				CFFCEE4F2B7ECD5A0008EF7E /* AWSCognitoAuthPlugin */,
				CFFCEE512B7ECD5A0008EF7E /* AWSDataStorePlugin */,
				CFFCEE532B7ECD5A0008EF7E /* AWSLocationGeoPlugin */,
				CFFCEE552B7ECD5A0008EF7E /* AWSPinpointAnalyticsPlugin */,
				CFFCEE572B7ECD5A0008EF7E /* AWSPinpointPushNotificationsPlugin */,
				CFFCEE592B7ECD5A0008EF7E /* AWSPluginsCore */,
				CFFCEE5B2B7ECD5A0008EF7E /* AWSPredictionsPlugin */,
				CFFCEE5D2B7ECD5A0008EF7E /* AWSS3StoragePlugin */,
				CFFCEE5F2B7ECD5A0008EF7E /* Amplify */,
				CFFCEE612B7ECD5A0008EF7E /* CoreMLPredictionsPlugin */,
			);
			productName = VacScan;
			productReference = CF2257A82B61B56300ED8DAD /* VacScan.app */;
			productType = "com.apple.product-type.application";
		};
/* End PBXNativeTarget section */

/* Begin PBXProject section */
		CF2257A02B61B56300ED8DAD /* Project object */ = {
			isa = PBXProject;
			attributes = {
				BuildIndependentTargetsInParallel = 1;
				LastSwiftUpdateCheck = 1520;
				LastUpgradeCheck = 1520;
				TargetAttributes = {
					CF2257A72B61B56300ED8DAD = {
						CreatedOnToolsVersion = 15.2;
					};
				};
			};
			buildConfigurationList = CF2257A32B61B56300ED8DAD /* Build configuration list for PBXProject "VacScan" */;
			compatibilityVersion = "Xcode 14.0";
			developmentRegion = en;
			hasScannedForEncodings = 0;
			knownRegions = (
				en,
				Base,
			);
			mainGroup = CF22579F2B61B56300ED8DAD;
			packageReferences = (
				CFFCEE4A2B7ECD5A0008EF7E /* XCRemoteSwiftPackageReference "amplify-swift" */,
			);
			productRefGroup = CF2257A92B61B56300ED8DAD /* Products */;
			projectDirPath = "";
			projectRoot = "";
			targets = (
				CF2257A72B61B56300ED8DAD /* VacScan */,
			);
		};
/* End PBXProject section */

/* Begin PBXResourcesBuildPhase section */
		CF2257A62B61B56300ED8DAD /* Resources */ = {
			isa = PBXResourcesBuildPhase;
			buildActionMask = 2147483647;
			files = (
				CF2257B32B61B56400ED8DAD /* Preview Assets.xcassets in Resources */,
				CF2257B02B61B56400ED8DAD /* Assets.xcassets in Resources */,
				73D987435FC4A5A0A827CA03 /* awsconfiguration.json in Resources */,
				6E1DEF76C44729485E9B2F0B /* amplifyconfiguration.json in Resources */,
			);
			runOnlyForDeploymentPostprocessing = 0;
		};
/* End PBXResourcesBuildPhase section */

/* Begin PBXSourcesBuildPhase section */
		CF2257A42B61B56300ED8DAD /* Sources */ = {
			isa = PBXSourcesBuildPhase;
			buildActionMask = 2147483647;
			files = (
				CF2257AE2B61B56300ED8DAD /* HomeView.swift in Sources */,
				CF2257AC2B61B56300ED8DAD /* VacScanApp.swift in Sources */,
				CFFCEE692B7ED10A0008EF7E /* OnboardingInputView.swift in Sources */,
				CFFCEE6B2B7ED10A0008EF7E /* OnboardingWelcomeView.swift in Sources */,
				CFFCEE792B808BDE0008EF7E /* ScanManager.swift in Sources */,
				CF2257BA2B61FEF500ED8DAD /* ScanView.swift in Sources */,
				E71A75039AE336C5DAFD6AC6 /* AmplifyModels.swift in Sources */,
				CFFCEE6E2B7ED12A0008EF7E /* LaunchView.swift in Sources */,
				A3A1E724C57159C2FAE8016F /* Encounter+Schema.swift in Sources */,
				CFFCEE702B7ED17E0008EF7E /* AuthManager.swift in Sources */,
				0D5350B1755857C62A88CA5C /* Encounter.swift in Sources */,
				B7A62D1D31616E8FF538BDB8 /* Patient+Schema.swift in Sources */,
				CFFCEE732B7ED2890008EF7E /* Placeholder.swift in Sources */,
				F67331CE4E7342E605275801 /* Patient.swift in Sources */,
				CFFCEE752B7ED2A80008EF7E /* ErrorAlert.swift in Sources */,
				25714C9A0F022A03129D1C04 /* Provider+Schema.swift in Sources */,
				CFFCEE682B7ED10A0008EF7E /* OnboardingInputScreen.swift in Sources */,
				2091DF3839F5FCC00445B67E /* Provider.swift in Sources */,
				8325F1DB4556D31B14788FC1 /* Scan+Schema.swift in Sources */,
				5ED6993E60B2373518B4C924 /* Scan.swift in Sources */,
				19D46DB77F155B956C3196F3 /* Vaccine+Schema.swift in Sources */,
				3C208FA2C974086CD2628AA9 /* Vaccine.swift in Sources */,
				CFFCEE772B803A650008EF7E /* SettingsView.swift in Sources */,
				98371DEDA6319092292FE911 /* VaccineType+Schema.swift in Sources */,
				85FFCEB6E8482F444492214A /* VaccineType.swift in Sources */,
			);
			runOnlyForDeploymentPostprocessing = 0;
		};
/* End PBXSourcesBuildPhase section */

/* Begin XCBuildConfiguration section */
		CF2257B42B61B56400ED8DAD /* Debug */ = {
			isa = XCBuildConfiguration;
			buildSettings = {
				ALWAYS_SEARCH_USER_PATHS = NO;
				ASSETCATALOG_COMPILER_GENERATE_SWIFT_ASSET_SYMBOL_EXTENSIONS = YES;
				CLANG_ANALYZER_NONNULL = YES;
				CLANG_ANALYZER_NUMBER_OBJECT_CONVERSION = YES_AGGRESSIVE;
				CLANG_CXX_LANGUAGE_STANDARD = "gnu++20";
				CLANG_ENABLE_MODULES = YES;
				CLANG_ENABLE_OBJC_ARC = YES;
				CLANG_ENABLE_OBJC_WEAK = YES;
				CLANG_WARN_BLOCK_CAPTURE_AUTORELEASING = YES;
				CLANG_WARN_BOOL_CONVERSION = YES;
				CLANG_WARN_COMMA = YES;
				CLANG_WARN_CONSTANT_CONVERSION = YES;
				CLANG_WARN_DEPRECATED_OBJC_IMPLEMENTATIONS = YES;
				CLANG_WARN_DIRECT_OBJC_ISA_USAGE = YES_ERROR;
				CLANG_WARN_DOCUMENTATION_COMMENTS = YES;
				CLANG_WARN_EMPTY_BODY = YES;
				CLANG_WARN_ENUM_CONVERSION = YES;
				CLANG_WARN_INFINITE_RECURSION = YES;
				CLANG_WARN_INT_CONVERSION = YES;
				CLANG_WARN_NON_LITERAL_NULL_CONVERSION = YES;
				CLANG_WARN_OBJC_IMPLICIT_RETAIN_SELF = YES;
				CLANG_WARN_OBJC_LITERAL_CONVERSION = YES;
				CLANG_WARN_OBJC_ROOT_CLASS = YES_ERROR;
				CLANG_WARN_QUOTED_INCLUDE_IN_FRAMEWORK_HEADER = YES;
				CLANG_WARN_RANGE_LOOP_ANALYSIS = YES;
				CLANG_WARN_STRICT_PROTOTYPES = YES;
				CLANG_WARN_SUSPICIOUS_MOVE = YES;
				CLANG_WARN_UNGUARDED_AVAILABILITY = YES_AGGRESSIVE;
				CLANG_WARN_UNREACHABLE_CODE = YES;
				CLANG_WARN__DUPLICATE_METHOD_MATCH = YES;
				COPY_PHASE_STRIP = NO;
				DEBUG_INFORMATION_FORMAT = dwarf;
				ENABLE_STRICT_OBJC_MSGSEND = YES;
				ENABLE_TESTABILITY = YES;
				ENABLE_USER_SCRIPT_SANDBOXING = YES;
				GCC_C_LANGUAGE_STANDARD = gnu17;
				GCC_DYNAMIC_NO_PIC = NO;
				GCC_NO_COMMON_BLOCKS = YES;
				GCC_OPTIMIZATION_LEVEL = 0;
				GCC_PREPROCESSOR_DEFINITIONS = (
					"DEBUG=1",
					"$(inherited)",
				);
				GCC_WARN_64_TO_32_BIT_CONVERSION = YES;
				GCC_WARN_ABOUT_RETURN_TYPE = YES_ERROR;
				GCC_WARN_UNDECLARED_SELECTOR = YES;
				GCC_WARN_UNINITIALIZED_AUTOS = YES_AGGRESSIVE;
				GCC_WARN_UNUSED_FUNCTION = YES;
				GCC_WARN_UNUSED_VARIABLE = YES;
				IPHONEOS_DEPLOYMENT_TARGET = 17.2;
				LOCALIZATION_PREFERS_STRING_CATALOGS = YES;
				MTL_ENABLE_DEBUG_INFO = INCLUDE_SOURCE;
				MTL_FAST_MATH = YES;
				ONLY_ACTIVE_ARCH = YES;
				SDKROOT = iphoneos;
				SWIFT_ACTIVE_COMPILATION_CONDITIONS = "DEBUG $(inherited)";
				SWIFT_OPTIMIZATION_LEVEL = "-Onone";
			};
			name = Debug;
		};
		CF2257B52B61B56400ED8DAD /* Release */ = {
			isa = XCBuildConfiguration;
			buildSettings = {
				ALWAYS_SEARCH_USER_PATHS = NO;
				ASSETCATALOG_COMPILER_GENERATE_SWIFT_ASSET_SYMBOL_EXTENSIONS = YES;
				CLANG_ANALYZER_NONNULL = YES;
				CLANG_ANALYZER_NUMBER_OBJECT_CONVERSION = YES_AGGRESSIVE;
				CLANG_CXX_LANGUAGE_STANDARD = "gnu++20";
				CLANG_ENABLE_MODULES = YES;
				CLANG_ENABLE_OBJC_ARC = YES;
				CLANG_ENABLE_OBJC_WEAK = YES;
				CLANG_WARN_BLOCK_CAPTURE_AUTORELEASING = YES;
				CLANG_WARN_BOOL_CONVERSION = YES;
				CLANG_WARN_COMMA = YES;
				CLANG_WARN_CONSTANT_CONVERSION = YES;
				CLANG_WARN_DEPRECATED_OBJC_IMPLEMENTATIONS = YES;
				CLANG_WARN_DIRECT_OBJC_ISA_USAGE = YES_ERROR;
				CLANG_WARN_DOCUMENTATION_COMMENTS = YES;
				CLANG_WARN_EMPTY_BODY = YES;
				CLANG_WARN_ENUM_CONVERSION = YES;
				CLANG_WARN_INFINITE_RECURSION = YES;
				CLANG_WARN_INT_CONVERSION = YES;
				CLANG_WARN_NON_LITERAL_NULL_CONVERSION = YES;
				CLANG_WARN_OBJC_IMPLICIT_RETAIN_SELF = YES;
				CLANG_WARN_OBJC_LITERAL_CONVERSION = YES;
				CLANG_WARN_OBJC_ROOT_CLASS = YES_ERROR;
				CLANG_WARN_QUOTED_INCLUDE_IN_FRAMEWORK_HEADER = YES;
				CLANG_WARN_RANGE_LOOP_ANALYSIS = YES;
				CLANG_WARN_STRICT_PROTOTYPES = YES;
				CLANG_WARN_SUSPICIOUS_MOVE = YES;
				CLANG_WARN_UNGUARDED_AVAILABILITY = YES_AGGRESSIVE;
				CLANG_WARN_UNREACHABLE_CODE = YES;
				CLANG_WARN__DUPLICATE_METHOD_MATCH = YES;
				COPY_PHASE_STRIP = NO;
				DEBUG_INFORMATION_FORMAT = "dwarf-with-dsym";
				ENABLE_NS_ASSERTIONS = NO;
				ENABLE_STRICT_OBJC_MSGSEND = YES;
				ENABLE_USER_SCRIPT_SANDBOXING = YES;
				GCC_C_LANGUAGE_STANDARD = gnu17;
				GCC_NO_COMMON_BLOCKS = YES;
				GCC_WARN_64_TO_32_BIT_CONVERSION = YES;
				GCC_WARN_ABOUT_RETURN_TYPE = YES_ERROR;
				GCC_WARN_UNDECLARED_SELECTOR = YES;
				GCC_WARN_UNINITIALIZED_AUTOS = YES_AGGRESSIVE;
				GCC_WARN_UNUSED_FUNCTION = YES;
				GCC_WARN_UNUSED_VARIABLE = YES;
				IPHONEOS_DEPLOYMENT_TARGET = 17.2;
				LOCALIZATION_PREFERS_STRING_CATALOGS = YES;
				MTL_ENABLE_DEBUG_INFO = NO;
				MTL_FAST_MATH = YES;
				SDKROOT = iphoneos;
				SWIFT_COMPILATION_MODE = wholemodule;
				VALIDATE_PRODUCT = YES;
			};
			name = Release;
		};
		CF2257B72B61B56400ED8DAD /* Debug */ = {
			isa = XCBuildConfiguration;
			buildSettings = {
				ASSETCATALOG_COMPILER_APPICON_NAME = AppIcon;
				ASSETCATALOG_COMPILER_GLOBAL_ACCENT_COLOR_NAME = AccentColor;
				CODE_SIGN_STYLE = Automatic;
				CURRENT_PROJECT_VERSION = 1;
				DEVELOPMENT_ASSET_PATHS = "\"VacScan/Preview Content\"";
				DEVELOPMENT_TEAM = KC37C9ZJH4;
				ENABLE_PREVIEWS = YES;
				GENERATE_INFOPLIST_FILE = YES;
				INFOPLIST_KEY_CFBundleDisplayName = VacScan;
				INFOPLIST_KEY_NSCameraUsageDescription = "Please allow access to camera to scan.";
				INFOPLIST_KEY_UIApplicationSceneManifest_Generation = YES;
				INFOPLIST_KEY_UIApplicationSupportsIndirectInputEvents = YES;
				INFOPLIST_KEY_UILaunchScreen_Generation = YES;
				INFOPLIST_KEY_UISupportedInterfaceOrientations = UIInterfaceOrientationPortrait;
				INFOPLIST_KEY_UISupportedInterfaceOrientations_iPad = "UIInterfaceOrientationLandscapeLeft UIInterfaceOrientationLandscapeRight UIInterfaceOrientationPortrait UIInterfaceOrientationPortraitUpsideDown";
				LD_RUNPATH_SEARCH_PATHS = (
					"$(inherited)",
					"@executable_path/Frameworks",
				);
				MARKETING_VERSION = 1.0;
				PRODUCT_BUNDLE_IDENTIFIER = com.phi.vacscan.VacScan;
				PRODUCT_NAME = "$(TARGET_NAME)";
				SUPPORTED_PLATFORMS = "iphoneos iphonesimulator";
				SUPPORTS_MACCATALYST = NO;
				SUPPORTS_MAC_DESIGNED_FOR_IPHONE_IPAD = NO;
				SUPPORTS_XR_DESIGNED_FOR_IPHONE_IPAD = NO;
				SWIFT_EMIT_LOC_STRINGS = YES;
				SWIFT_VERSION = 5.0;
				TARGETED_DEVICE_FAMILY = 1;
			};
			name = Debug;
		};
		CF2257B82B61B56400ED8DAD /* Release */ = {
			isa = XCBuildConfiguration;
			buildSettings = {
				ASSETCATALOG_COMPILER_APPICON_NAME = AppIcon;
				ASSETCATALOG_COMPILER_GLOBAL_ACCENT_COLOR_NAME = AccentColor;
				CODE_SIGN_STYLE = Automatic;
				CURRENT_PROJECT_VERSION = 1;
				DEVELOPMENT_ASSET_PATHS = "\"VacScan/Preview Content\"";
				DEVELOPMENT_TEAM = KC37C9ZJH4;
				ENABLE_PREVIEWS = YES;
				GENERATE_INFOPLIST_FILE = YES;
				INFOPLIST_KEY_CFBundleDisplayName = VacScan;
				INFOPLIST_KEY_NSCameraUsageDescription = "Please allow access to camera to scan.";
				INFOPLIST_KEY_UIApplicationSceneManifest_Generation = YES;
				INFOPLIST_KEY_UIApplicationSupportsIndirectInputEvents = YES;
				INFOPLIST_KEY_UILaunchScreen_Generation = YES;
				INFOPLIST_KEY_UISupportedInterfaceOrientations = UIInterfaceOrientationPortrait;
				INFOPLIST_KEY_UISupportedInterfaceOrientations_iPad = "UIInterfaceOrientationLandscapeLeft UIInterfaceOrientationLandscapeRight UIInterfaceOrientationPortrait UIInterfaceOrientationPortraitUpsideDown";
				LD_RUNPATH_SEARCH_PATHS = (
					"$(inherited)",
					"@executable_path/Frameworks",
				);
				MARKETING_VERSION = 1.0;
				PRODUCT_BUNDLE_IDENTIFIER = com.phi.vacscan.VacScan;
				PRODUCT_NAME = "$(TARGET_NAME)";
				SUPPORTED_PLATFORMS = "iphoneos iphonesimulator";
				SUPPORTS_MACCATALYST = NO;
				SUPPORTS_MAC_DESIGNED_FOR_IPHONE_IPAD = NO;
				SUPPORTS_XR_DESIGNED_FOR_IPHONE_IPAD = NO;
				SWIFT_EMIT_LOC_STRINGS = YES;
				SWIFT_VERSION = 5.0;
				TARGETED_DEVICE_FAMILY = 1;
			};
			name = Release;
		};
/* End XCBuildConfiguration section */

/* Begin XCConfigurationList section */
		CF2257A32B61B56300ED8DAD /* Build configuration list for PBXProject "VacScan" */ = {
			isa = XCConfigurationList;
			buildConfigurations = (
				CF2257B42B61B56400ED8DAD /* Debug */,
				CF2257B52B61B56400ED8DAD /* Release */,
			);
			defaultConfigurationIsVisible = 0;
			defaultConfigurationName = Release;
		};
		CF2257B62B61B56400ED8DAD /* Build configuration list for PBXNativeTarget "VacScan" */ = {
			isa = XCConfigurationList;
			buildConfigurations = (
				CF2257B72B61B56400ED8DAD /* Debug */,
				CF2257B82B61B56400ED8DAD /* Release */,
			);
			defaultConfigurationIsVisible = 0;
			defaultConfigurationName = Release;
		};
/* End XCConfigurationList section */

/* Begin XCRemoteSwiftPackageReference section */
		CFFCEE4A2B7ECD5A0008EF7E /* XCRemoteSwiftPackageReference "amplify-swift" */ = {
			isa = XCRemoteSwiftPackageReference;
			repositoryURL = "https://github.com/aws-amplify/amplify-swift";
			requirement = {
				kind = upToNextMajorVersion;
				minimumVersion = 2.26.2;
			};
		};
/* End XCRemoteSwiftPackageReference section */

/* Begin XCSwiftPackageProductDependency section */
		CFFCEE4B2B7ECD5A0008EF7E /* AWSAPIPlugin */ = {
			isa = XCSwiftPackageProductDependency;
			package = CFFCEE4A2B7ECD5A0008EF7E /* XCRemoteSwiftPackageReference "amplify-swift" */;
			productName = AWSAPIPlugin;
		};
		CFFCEE4D2B7ECD5A0008EF7E /* AWSCloudWatchLoggingPlugin */ = {
			isa = XCSwiftPackageProductDependency;
			package = CFFCEE4A2B7ECD5A0008EF7E /* XCRemoteSwiftPackageReference "amplify-swift" */;
			productName = AWSCloudWatchLoggingPlugin;
		};
		CFFCEE4F2B7ECD5A0008EF7E /* AWSCognitoAuthPlugin */ = {
			isa = XCSwiftPackageProductDependency;
			package = CFFCEE4A2B7ECD5A0008EF7E /* XCRemoteSwiftPackageReference "amplify-swift" */;
			productName = AWSCognitoAuthPlugin;
		};
		CFFCEE512B7ECD5A0008EF7E /* AWSDataStorePlugin */ = {
			isa = XCSwiftPackageProductDependency;
			package = CFFCEE4A2B7ECD5A0008EF7E /* XCRemoteSwiftPackageReference "amplify-swift" */;
			productName = AWSDataStorePlugin;
		};
		CFFCEE532B7ECD5A0008EF7E /* AWSLocationGeoPlugin */ = {
			isa = XCSwiftPackageProductDependency;
			package = CFFCEE4A2B7ECD5A0008EF7E /* XCRemoteSwiftPackageReference "amplify-swift" */;
			productName = AWSLocationGeoPlugin;
		};
		CFFCEE552B7ECD5A0008EF7E /* AWSPinpointAnalyticsPlugin */ = {
			isa = XCSwiftPackageProductDependency;
			package = CFFCEE4A2B7ECD5A0008EF7E /* XCRemoteSwiftPackageReference "amplify-swift" */;
			productName = AWSPinpointAnalyticsPlugin;
		};
		CFFCEE572B7ECD5A0008EF7E /* AWSPinpointPushNotificationsPlugin */ = {
			isa = XCSwiftPackageProductDependency;
			package = CFFCEE4A2B7ECD5A0008EF7E /* XCRemoteSwiftPackageReference "amplify-swift" */;
			productName = AWSPinpointPushNotificationsPlugin;
		};
		CFFCEE592B7ECD5A0008EF7E /* AWSPluginsCore */ = {
			isa = XCSwiftPackageProductDependency;
			package = CFFCEE4A2B7ECD5A0008EF7E /* XCRemoteSwiftPackageReference "amplify-swift" */;
			productName = AWSPluginsCore;
		};
		CFFCEE5B2B7ECD5A0008EF7E /* AWSPredictionsPlugin */ = {
			isa = XCSwiftPackageProductDependency;
			package = CFFCEE4A2B7ECD5A0008EF7E /* XCRemoteSwiftPackageReference "amplify-swift" */;
			productName = AWSPredictionsPlugin;
		};
		CFFCEE5D2B7ECD5A0008EF7E /* AWSS3StoragePlugin */ = {
			isa = XCSwiftPackageProductDependency;
			package = CFFCEE4A2B7ECD5A0008EF7E /* XCRemoteSwiftPackageReference "amplify-swift" */;
			productName = AWSS3StoragePlugin;
		};
		CFFCEE5F2B7ECD5A0008EF7E /* Amplify */ = {
			isa = XCSwiftPackageProductDependency;
			package = CFFCEE4A2B7ECD5A0008EF7E /* XCRemoteSwiftPackageReference "amplify-swift" */;
			productName = Amplify;
		};
		CFFCEE612B7ECD5A0008EF7E /* CoreMLPredictionsPlugin */ = {
			isa = XCSwiftPackageProductDependency;
			package = CFFCEE4A2B7ECD5A0008EF7E /* XCRemoteSwiftPackageReference "amplify-swift" */;
			productName = CoreMLPredictionsPlugin;
		};
/* End XCSwiftPackageProductDependency section */
	};
	rootObject = CF2257A02B61B56300ED8DAD /* Project object */;
}
